
Microsoft Visual Studio Solution File, Format Version 12.00
# Visual Studio 15
VisualStudioVersion = 15.0.27428.2011
MinimumVisualStudioVersion = 10.0.40219.1
Project("{FAE04EC0-301F-11D3-BF4B-00C04F79EFBC}") = "AkkaOrder", "AkkaOrder\AkkaOrder.csproj", "{A8E6F2E9-A04E-4768-AF6B-32386224206F}"
EndProject
Global
	GlobalSection(SolutionConfigurationPlatforms) = preSolution
		Debug|Any CPU = Debug|Any CPU
		Release|Any CPU = Release|Any CPU
	EndGlobalSection
	GlobalSection(ProjectConfigurationPlatforms) = postSolution
		{A8E6F2E9-A04E-4768-AF6B-32386224206F}.Debug|Any CPU.ActiveCfg = Debug|Any CPU
		{A8E6F2E9-A04E-4768-AF6B-32386224206F}.Debug|Any CPU.Build.0 = Debug|Any CPU
		{A8E6F2E9-A04E-4768-AF6B-32386224206F}.Release|Any CPU.ActiveCfg = Release|Any CPU
		{A8E6F2E9-A04E-4768-AF6B-32386224206F}.Release|Any CPU.Build.0 = Release|Any CPU
	EndGlobalSection
	GlobalSection(SolutionProperties) = preSolution
		HideSolutionNode = FALSE
	EndGlobalSection
	GlobalSection(ExtensibilityGlobals) = postSolution
		SolutionGuid = {6F9F047B-2EEB-49AE-B71A-1E09567A535F}
	EndGlobalSection
EndGlobal
